
Microsoft Visual Studio Solution File, Format Version 12.00
Project("{FAE04EC0-301F-11D3-BF4B-00C04F79EFBC}") = "Carbonate", "Carbonate\Carbonate.csproj", "{7858F8F1-497A-4261-94D7-339442B09494}"
EndProject
Project("{FAE04EC0-301F-11D3-BF4B-00C04F79EFBC}") = "CarbonateTests", "Testing\CarbonateTests\CarbonateTests.csproj", "{A2124FFE-C6A1-46A7-8440-F0F5709DD08C}"
EndProject
Project("{2150E333-8FDC-42A3-9474-1A3956D46DE8}") = "Testing", "Testing", "{E204672C-F241-4BB7-AAE4-5147BC5B4FF5}"
	ProjectSection(SolutionItems) = preProject
		Testing\.editorconfig = Testing\.editorconfig
	EndProjectSection
EndProject
Project("{2150E333-8FDC-42A3-9474-1A3956D46DE8}") = "Solution Items", "Solution Items", "{67F82AED-1502-4803-855A-CDB26DC685B4}"
	ProjectSection(SolutionItems) = preProject
		README.md = README.md
		.editorconfig = .editorconfig
		.gitignore = .gitignore
		LICENSE.md = LICENSE.md
		CONTRIBUTING.md = CONTRIBUTING.md
		code_of_conduct.md = code_of_conduct.md
	EndProjectSection
EndProject
Project("{2150E333-8FDC-42A3-9474-1A3956D46DE8}") = "Issue Templates", "Issue Templates", "{EC84F317-C63E-4B7E-9619-12D291701201}"
EndProject
Project("{2150E333-8FDC-42A3-9474-1A3956D46DE8}") = "Workflows", "Workflows", "{8518113E-D0C3-4E63-8F2E-542EB6D1CCE9}"
EndProject
Project("{2150E333-8FDC-42A3-9474-1A3956D46DE8}") = "Pull Request Templates", "Pull Request Templates", "{74273D28-BDB5-4FF0-B4E2-20A171671A58}"
EndProject
Project("{FAE04EC0-301F-11D3-BF4B-00C04F79EFBC}") = "CarbonateIntegrationTests", "Testing\CarbonateIntegrationTests\CarbonateIntegrationTests.csproj", "{388E7191-CE3A-492C-9A19-AE67A659E466}"
EndProject
Project("{FAE04EC0-301F-11D3-BF4B-00C04F79EFBC}") = "CarbonatePerfTests", "Testing\CarbonatePerfTests\CarbonatePerfTests.csproj", "{FA8B11A4-48C9-4824-A90F-9D39F3678028}"
EndProject
Global
	GlobalSection(SolutionConfigurationPlatforms) = preSolution
		Release|x64 = Release|x64
		Debug|x64 = Debug|x64
		Release Benchmark|x64 = Release Benchmark|x64
		Release MemPerf|x64 = Release MemPerf|x64
	EndGlobalSection
	GlobalSection(ProjectConfigurationPlatforms) = postSolution
		{7858F8F1-497A-4261-94D7-339442B09494}.Release|x64.ActiveCfg = Release|x64
		{7858F8F1-497A-4261-94D7-339442B09494}.Release|x64.Build.0 = Release|x64
		{7858F8F1-497A-4261-94D7-339442B09494}.Debug|x64.ActiveCfg = Debug|x64
		{7858F8F1-497A-4261-94D7-339442B09494}.Debug|x64.Build.0 = Debug|x64
		{7858F8F1-497A-4261-94D7-339442B09494}.Release Benchmark|x64.ActiveCfg = Release|x64
		{7858F8F1-497A-4261-94D7-339442B09494}.Release Benchmark|x64.Build.0 = Release|x64
		{7858F8F1-497A-4261-94D7-339442B09494}.Release MemPerf|x64.ActiveCfg = Release|x64
		{7858F8F1-497A-4261-94D7-339442B09494}.Release MemPerf|x64.Build.0 = Release|x64
		{388E7191-CE3A-492C-9A19-AE67A659E466}.Release|x64.ActiveCfg = Release|x64
		{388E7191-CE3A-492C-9A19-AE67A659E466}.Release|x64.Build.0 = Release|x64
		{388E7191-CE3A-492C-9A19-AE67A659E466}.Debug|x64.ActiveCfg = Debug|x64
		{388E7191-CE3A-492C-9A19-AE67A659E466}.Debug|x64.Build.0 = Debug|x64
		{388E7191-CE3A-492C-9A19-AE67A659E466}.Release Benchmark|x64.ActiveCfg = Release|x64
		{388E7191-CE3A-492C-9A19-AE67A659E466}.Release Benchmark|x64.Build.0 = Release|x64
		{388E7191-CE3A-492C-9A19-AE67A659E466}.Release MemPerf|x64.ActiveCfg = Release|x64
		{388E7191-CE3A-492C-9A19-AE67A659E466}.Release MemPerf|x64.Build.0 = Release|x64
		{FA8B11A4-48C9-4824-A90F-9D39F3678028}.Release|x64.ActiveCfg = Release|x64
		{FA8B11A4-48C9-4824-A90F-9D39F3678028}.Release|x64.Build.0 = Release|x64
		{FA8B11A4-48C9-4824-A90F-9D39F3678028}.Debug|x64.ActiveCfg = Debug|x64
		{FA8B11A4-48C9-4824-A90F-9D39F3678028}.Debug|x64.Build.0 = Debug|x64
		{FA8B11A4-48C9-4824-A90F-9D39F3678028}.Release Benchmark|x64.ActiveCfg = Release Benchmark|x64
		{FA8B11A4-48C9-4824-A90F-9D39F3678028}.Release Benchmark|x64.Build.0 = Release Benchmark|x64
		{FA8B11A4-48C9-4824-A90F-9D39F3678028}.Release MemPerf|x64.ActiveCfg = Release MemPerf|x64
		{FA8B11A4-48C9-4824-A90F-9D39F3678028}.Release MemPerf|x64.Build.0 = Release MemPerf|x64
		{A2124FFE-C6A1-46A7-8440-F0F5709DD08C}.Release|x64.ActiveCfg = Release|x64
		{A2124FFE-C6A1-46A7-8440-F0F5709DD08C}.Release|x64.Build.0 = Release|x64
		{A2124FFE-C6A1-46A7-8440-F0F5709DD08C}.Debug|x64.ActiveCfg = Debug|x64
		{A2124FFE-C6A1-46A7-8440-F0F5709DD08C}.Debug|x64.Build.0 = Debug|x64
		{A2124FFE-C6A1-46A7-8440-F0F5709DD08C}.Release Benchmark|x64.ActiveCfg = Release|x64
		{A2124FFE-C6A1-46A7-8440-F0F5709DD08C}.Release Benchmark|x64.Build.0 = Release|x64
		{A2124FFE-C6A1-46A7-8440-F0F5709DD08C}.Release MemPerf|x64.ActiveCfg = Release|x64
		{A2124FFE-C6A1-46A7-8440-F0F5709DD08C}.Release MemPerf|x64.Build.0 = Release|x64
	EndGlobalSection
	GlobalSection(NestedProjects) = preSolution
		{A2124FFE-C6A1-46A7-8440-F0F5709DD08C} = {E204672C-F241-4BB7-AAE4-5147BC5B4FF5}
		{EC84F317-C63E-4B7E-9619-12D291701201} = {67F82AED-1502-4803-855A-CDB26DC685B4}
		{8518113E-D0C3-4E63-8F2E-542EB6D1CCE9} = {67F82AED-1502-4803-855A-CDB26DC685B4}
		{74273D28-BDB5-4FF0-B4E2-20A171671A58} = {67F82AED-1502-4803-855A-CDB26DC685B4}
		{388E7191-CE3A-492C-9A19-AE67A659E466} = {E204672C-F241-4BB7-AAE4-5147BC5B4FF5}
		{FA8B11A4-48C9-4824-A90F-9D39F3678028} = {E204672C-F241-4BB7-AAE4-5147BC5B4FF5}
	EndGlobalSection
EndGlobal
