
Microsoft Visual Studio Solution File, Format Version 12.00
Project("{FAE04EC0-301F-11D3-BF4B-00C04F79EFBC}") = "CSharpLibTemplateRepo", "CSharpLibTemplateRepo\CSharpLibTemplateRepo.csproj", "{7858F8F1-497A-4261-94D7-339442B09494}"
EndProject
Project("{FAE04EC0-301F-11D3-BF4B-00C04F79EFBC}") = "CSharpLibTemplateRepoTests", "Testing\CSharpLibTemplateRepoTests\CSharpLibTemplateRepoTests.csproj", "{A2124FFE-C6A1-46A7-8440-F0F5709DD08C}"
EndProject
Project("{2150E333-8FDC-42A3-9474-1A3956D46DE8}") = "Testing", "Testing", "{E204672C-F241-4BB7-AAE4-5147BC5B4FF5}"
	ProjectSection(SolutionItems) = preProject
		Testing\.editorconfig = Testing\.editorconfig
	EndProjectSection
EndProject
Project("{2150E333-8FDC-42A3-9474-1A3956D46DE8}") = "Solution Items", "Solution Items", "{67F82AED-1502-4803-855A-CDB26DC685B4}"
	ProjectSection(SolutionItems) = preProject
		README.md = README.md
		.editorconfig = .editorconfig
		.gitignore = .gitignore
		LICENSE = LICENSE
	EndProjectSection
EndProject
Project("{2150E333-8FDC-42A3-9474-1A3956D46DE8}") = "Issue Templates", "Issue Templates", "{EC84F317-C63E-4B7E-9619-12D291701201}"
EndProject
Project("{2150E333-8FDC-42A3-9474-1A3956D46DE8}") = "Workflows", "Workflows", "{8518113E-D0C3-4E63-8F2E-542EB6D1CCE9}"
EndProject
Project("{2150E333-8FDC-42A3-9474-1A3956D46DE8}") = "Pull Request Templates", "Pull Request Templates", "{74273D28-BDB5-4FF0-B4E2-20A171671A58}"
EndProject
Global
	GlobalSection(SolutionConfigurationPlatforms) = preSolution
		Debug|Any CPU = Debug|Any CPU
		Release|Any CPU = Release|Any CPU
	EndGlobalSection
	GlobalSection(ProjectConfigurationPlatforms) = postSolution
		{7858F8F1-497A-4261-94D7-339442B09494}.Debug|Any CPU.ActiveCfg = Debug|Any CPU
		{7858F8F1-497A-4261-94D7-339442B09494}.Debug|Any CPU.Build.0 = Debug|Any CPU
		{7858F8F1-497A-4261-94D7-339442B09494}.Release|Any CPU.ActiveCfg = Release|Any CPU
		{7858F8F1-497A-4261-94D7-339442B09494}.Release|Any CPU.Build.0 = Release|Any CPU
		{A2124FFE-C6A1-46A7-8440-F0F5709DD08C}.Debug|Any CPU.ActiveCfg = Debug|Any CPU
		{A2124FFE-C6A1-46A7-8440-F0F5709DD08C}.Debug|Any CPU.Build.0 = Debug|Any CPU
		{A2124FFE-C6A1-46A7-8440-F0F5709DD08C}.Release|Any CPU.ActiveCfg = Release|Any CPU
		{A2124FFE-C6A1-46A7-8440-F0F5709DD08C}.Release|Any CPU.Build.0 = Release|Any CPU
	EndGlobalSection
	GlobalSection(NestedProjects) = preSolution
		{A2124FFE-C6A1-46A7-8440-F0F5709DD08C} = {E204672C-F241-4BB7-AAE4-5147BC5B4FF5}
		{EC84F317-C63E-4B7E-9619-12D291701201} = {67F82AED-1502-4803-855A-CDB26DC685B4}
		{8518113E-D0C3-4E63-8F2E-542EB6D1CCE9} = {67F82AED-1502-4803-855A-CDB26DC685B4}
		{74273D28-BDB5-4FF0-B4E2-20A171671A58} = {67F82AED-1502-4803-855A-CDB26DC685B4}
	EndGlobalSection
EndGlobal
